
Microsoft Visual Studio Solution File, Format Version 12.00
# Visual Studio Version 17
VisualStudioVersion = 17.7.34009.444
MinimumVisualStudioVersion = 10.0.40219.1
Project("{9A19103F-16F7-4668-BE54-9A1E7A4F7556}") = "AlgorithmsCSharp", "AlgorithmsCSharp\AlgorithmsCSharp.csproj", "{8859023F-6936-438B-8C0B-671C72CCFED7}"
EndProject
Project("{FAE04EC0-301F-11D3-BF4B-00C04F79EFBC}") = "algorithmsCSharpTests", "algorithmsCSharpTests\algorithmsCSharpTests.csproj", "{12AEEB2C-0669-4A07-9B4B-8919B76B84D3}"
EndProject
Global
	GlobalSection(SolutionConfigurationPlatforms) = preSolution
		Debug|Any CPU = Debug|Any CPU
		Release|Any CPU = Release|Any CPU
	EndGlobalSection
	GlobalSection(ProjectConfigurationPlatforms) = postSolution
		{8859023F-6936-438B-8C0B-671C72CCFED7}.Debug|Any CPU.ActiveCfg = Debug|Any CPU
		{8859023F-6936-438B-8C0B-671C72CCFED7}.Debug|Any CPU.Build.0 = Debug|Any CPU
		{8859023F-6936-438B-8C0B-671C72CCFED7}.Release|Any CPU.ActiveCfg = Release|Any CPU
		{8859023F-6936-438B-8C0B-671C72CCFED7}.Release|Any CPU.Build.0 = Release|Any CPU
		{12AEEB2C-0669-4A07-9B4B-8919B76B84D3}.Debug|Any CPU.ActiveCfg = Debug|Any CPU
		{12AEEB2C-0669-4A07-9B4B-8919B76B84D3}.Debug|Any CPU.Build.0 = Debug|Any CPU
		{12AEEB2C-0669-4A07-9B4B-8919B76B84D3}.Release|Any CPU.ActiveCfg = Release|Any CPU
		{12AEEB2C-0669-4A07-9B4B-8919B76B84D3}.Release|Any CPU.Build.0 = Release|Any CPU
	EndGlobalSection
	GlobalSection(SolutionProperties) = preSolution
		HideSolutionNode = FALSE
	EndGlobalSection
	GlobalSection(ExtensibilityGlobals) = postSolution
		SolutionGuid = {D3C0CA5D-13C9-4DEF-949F-0707ECB110EF}
	EndGlobalSection
EndGlobal
